// !$*UTF8*$!
{
	archiveVersion = 1;
	classes = {
	};
	objectVersion = 48;
	objects = {

/* Begin PBXBuildFile section */
		670EE8A7203656F100998FD8 /* UserDataService.swift in Sources */ = {isa = PBXBuildFile; fileRef = 670EE8A6203656F100998FD8 /* UserDataService.swift */; };
		670EE8A92036686C00998FD8 /* AvatarPickerVC.swift in Sources */ = {isa = PBXBuildFile; fileRef = 670EE8A82036686C00998FD8 /* AvatarPickerVC.swift */; };
		670EE8AB20366F9400998FD8 /* AvatarCell.swift in Sources */ = {isa = PBXBuildFile; fileRef = 670EE8AA20366F9400998FD8 /* AvatarCell.swift */; };
		678ADFC3203517DD0051F9CA /* AuthService.swift in Sources */ = {isa = PBXBuildFile; fileRef = 678ADFC2203517DD0051F9CA /* AuthService.swift */; };
		67C0FEC12035ADF0001D069A /* RoundedButton.swift in Sources */ = {isa = PBXBuildFile; fileRef = 67C0FEC02035ADF0001D069A /* RoundedButton.swift */; };
		67C1F7632034DA00003FAC35 /* CreateAccountVC.swift in Sources */ = {isa = PBXBuildFile; fileRef = 67C1F7622034DA00003FAC35 /* CreateAccountVC.swift */; };
		67DAFB7F20347712005E8903 /* GradientView.swift in Sources */ = {isa = PBXBuildFile; fileRef = 67DAFB7E20347712005E8903 /* GradientView.swift */; };
		67DAFB8220348401005E8903 /* Constants.swift in Sources */ = {isa = PBXBuildFile; fileRef = 67DAFB8120348401005E8903 /* Constants.swift */; };
		67DAFB8420348A01005E8903 /* LoginVC.swift in Sources */ = {isa = PBXBuildFile; fileRef = 67DAFB8320348A01005E8903 /* LoginVC.swift */; };
		67EE389420333CDB0016DCA7 /* AppDelegate.swift in Sources */ = {isa = PBXBuildFile; fileRef = 67EE389320333CDB0016DCA7 /* AppDelegate.swift */; };
		67EE389920333CDB0016DCA7 /* Main.storyboard in Resources */ = {isa = PBXBuildFile; fileRef = 67EE389720333CDB0016DCA7 /* Main.storyboard */; };
		67EE389B20333CDB0016DCA7 /* Assets.xcassets in Resources */ = {isa = PBXBuildFile; fileRef = 67EE389A20333CDB0016DCA7 /* Assets.xcassets */; };
		67EE389E20333CDB0016DCA7 /* LaunchScreen.storyboard in Resources */ = {isa = PBXBuildFile; fileRef = 67EE389C20333CDB0016DCA7 /* LaunchScreen.storyboard */; };
		67F8C5CE2033DAA200135D66 /* SWRevealViewController.m in Sources */ = {isa = PBXBuildFile; fileRef = 67F8C5CD2033DAA200135D66 /* SWRevealViewController.m */; };
		67F8C5D32033DACB00135D66 /* ChatVC.swift in Sources */ = {isa = PBXBuildFile; fileRef = 67F8C5D22033DACB00135D66 /* ChatVC.swift */; };
		67F8C5D52033DAE000135D66 /* ChannelVC.swift in Sources */ = {isa = PBXBuildFile; fileRef = 67F8C5D42033DAE000135D66 /* ChannelVC.swift */; };
		6B054B11D88CC18FC6A9F52D /* Pods_smack.framework in Frameworks */ = {isa = PBXBuildFile; fileRef = 5F5BD0005AE9D57B3BDE0A69 /* Pods_smack.framework */; };
/* End PBXBuildFile section */

/* Begin PBXFileReference section */
		0C5451E5B0A7C7E7E80BE921 /* Pods-smack.debug.xcconfig */ = {isa = PBXFileReference; includeInIndex = 1; lastKnownFileType = text.xcconfig; name = "Pods-smack.debug.xcconfig"; path = "Pods/Target Support Files/Pods-smack/Pods-smack.debug.xcconfig"; sourceTree = "<group>"; };
		5F5BD0005AE9D57B3BDE0A69 /* Pods_smack.framework */ = {isa = PBXFileReference; explicitFileType = wrapper.framework; includeInIndex = 0; path = Pods_smack.framework; sourceTree = BUILT_PRODUCTS_DIR; };
		670EE8A6203656F100998FD8 /* UserDataService.swift */ = {isa = PBXFileReference; lastKnownFileType = sourcecode.swift; path = UserDataService.swift; sourceTree = "<group>"; };
		670EE8A82036686C00998FD8 /* AvatarPickerVC.swift */ = {isa = PBXFileReference; lastKnownFileType = sourcecode.swift; path = AvatarPickerVC.swift; sourceTree = "<group>"; };
		670EE8AA20366F9400998FD8 /* AvatarCell.swift */ = {isa = PBXFileReference; lastKnownFileType = sourcecode.swift; path = AvatarCell.swift; sourceTree = "<group>"; };
		678ADFC2203517DD0051F9CA /* AuthService.swift */ = {isa = PBXFileReference; lastKnownFileType = sourcecode.swift; path = AuthService.swift; sourceTree = "<group>"; };
		67C0FEC02035ADF0001D069A /* RoundedButton.swift */ = {isa = PBXFileReference; lastKnownFileType = sourcecode.swift; path = RoundedButton.swift; sourceTree = "<group>"; };
		67C1F7622034DA00003FAC35 /* CreateAccountVC.swift */ = {isa = PBXFileReference; lastKnownFileType = sourcecode.swift; path = CreateAccountVC.swift; sourceTree = "<group>"; };
		67DAFB7E20347712005E8903 /* GradientView.swift */ = {isa = PBXFileReference; lastKnownFileType = sourcecode.swift; path = GradientView.swift; sourceTree = "<group>"; };
		67DAFB8120348401005E8903 /* Constants.swift */ = {isa = PBXFileReference; lastKnownFileType = sourcecode.swift; path = Constants.swift; sourceTree = "<group>"; };
		67DAFB8320348A01005E8903 /* LoginVC.swift */ = {isa = PBXFileReference; lastKnownFileType = sourcecode.swift; path = LoginVC.swift; sourceTree = "<group>"; };
		67EE389020333CDB0016DCA7 /* smack.app */ = {isa = PBXFileReference; explicitFileType = wrapper.application; includeInIndex = 0; path = smack.app; sourceTree = BUILT_PRODUCTS_DIR; };
		67EE389320333CDB0016DCA7 /* AppDelegate.swift */ = {isa = PBXFileReference; lastKnownFileType = sourcecode.swift; path = AppDelegate.swift; sourceTree = "<group>"; };
		67EE389820333CDB0016DCA7 /* Base */ = {isa = PBXFileReference; lastKnownFileType = file.storyboard; name = Base; path = Base.lproj/Main.storyboard; sourceTree = "<group>"; };
		67EE389A20333CDB0016DCA7 /* Assets.xcassets */ = {isa = PBXFileReference; lastKnownFileType = folder.assetcatalog; path = Assets.xcassets; sourceTree = "<group>"; };
		67EE389D20333CDB0016DCA7 /* Base */ = {isa = PBXFileReference; lastKnownFileType = file.storyboard; name = Base; path = Base.lproj/LaunchScreen.storyboard; sourceTree = "<group>"; };
		67EE389F20333CDB0016DCA7 /* Info.plist */ = {isa = PBXFileReference; lastKnownFileType = text.plist.xml; path = Info.plist; sourceTree = "<group>"; };
		67F8C5CB2033DAA100135D66 /* smack-Bridging-Header.h */ = {isa = PBXFileReference; lastKnownFileType = sourcecode.c.h; path = "smack-Bridging-Header.h"; sourceTree = "<group>"; };
		67F8C5CC2033DAA200135D66 /* SWRevealViewController.h */ = {isa = PBXFileReference; fileEncoding = 4; lastKnownFileType = sourcecode.c.h; path = SWRevealViewController.h; sourceTree = "<group>"; };
		67F8C5CD2033DAA200135D66 /* SWRevealViewController.m */ = {isa = PBXFileReference; fileEncoding = 4; lastKnownFileType = sourcecode.c.objc; path = SWRevealViewController.m; sourceTree = "<group>"; };
		67F8C5D22033DACB00135D66 /* ChatVC.swift */ = {isa = PBXFileReference; lastKnownFileType = sourcecode.swift; path = ChatVC.swift; sourceTree = "<group>"; };
		67F8C5D42033DAE000135D66 /* ChannelVC.swift */ = {isa = PBXFileReference; lastKnownFileType = sourcecode.swift; path = ChannelVC.swift; sourceTree = "<group>"; };
		73FB691C5D006EBD83AEBAAA /* Pods-smack.release.xcconfig */ = {isa = PBXFileReference; includeInIndex = 1; lastKnownFileType = text.xcconfig; name = "Pods-smack.release.xcconfig"; path = "Pods/Target Support Files/Pods-smack/Pods-smack.release.xcconfig"; sourceTree = "<group>"; };
/* End PBXFileReference section */

/* Begin PBXFrameworksBuildPhase section */
		67EE388D20333CDB0016DCA7 /* Frameworks */ = {
			isa = PBXFrameworksBuildPhase;
			buildActionMask = 2147483647;
			files = (
				6B054B11D88CC18FC6A9F52D /* Pods_smack.framework in Frameworks */,
			);
			runOnlyForDeploymentPostprocessing = 0;
		};
/* End PBXFrameworksBuildPhase section */

/* Begin PBXGroup section */
		2B763E8657ACD0CE5ED78F2F /* Pods */ = {
			isa = PBXGroup;
			children = (
				0C5451E5B0A7C7E7E80BE921 /* Pods-smack.debug.xcconfig */,
				73FB691C5D006EBD83AEBAAA /* Pods-smack.release.xcconfig */,
			);
			name = Pods;
			sourceTree = "<group>";
		};
		678ADFC1203517C80051F9CA /* Services */ = {
			isa = PBXGroup;
			children = (
				678ADFC2203517DD0051F9CA /* AuthService.swift */,
				670EE8A6203656F100998FD8 /* UserDataService.swift */,
			);
			path = Services;
			sourceTree = "<group>";
		};
		67DAFB80203483EE005E8903 /* Utilities */ = {
			isa = PBXGroup;
			children = (
				67DAFB8120348401005E8903 /* Constants.swift */,
			);
			path = Utilities;
			sourceTree = "<group>";
		};
		67EE388720333CDB0016DCA7 = {
			isa = PBXGroup;
			children = (
				67EE389220333CDB0016DCA7 /* smack */,
				67EE389120333CDB0016DCA7 /* Products */,
				2B763E8657ACD0CE5ED78F2F /* Pods */,
				688B1B8DE3601F781CA9B7F1 /* Frameworks */,
			);
			sourceTree = "<group>";
		};
		67EE389120333CDB0016DCA7 /* Products */ = {
			isa = PBXGroup;
			children = (
				67EE389020333CDB0016DCA7 /* smack.app */,
			);
			name = Products;
			sourceTree = "<group>";
		};
		67EE389220333CDB0016DCA7 /* smack */ = {
			isa = PBXGroup;
			children = (
				678ADFC1203517C80051F9CA /* Services */,
				67DAFB80203483EE005E8903 /* Utilities */,
				67F8C5D12033DAB800135D66 /* Model */,
				67F8C5D02033DAB100135D66 /* View */,
				67F8C5CF2033DAA700135D66 /* Controller */,
				67F8C5CA2033DA8600135D66 /* Supporting Files */,
				67EE389320333CDB0016DCA7 /* AppDelegate.swift */,
				67EE389720333CDB0016DCA7 /* Main.storyboard */,
				67EE389A20333CDB0016DCA7 /* Assets.xcassets */,
				67EE389C20333CDB0016DCA7 /* LaunchScreen.storyboard */,
				67EE389F20333CDB0016DCA7 /* Info.plist */,
			);
			path = smack;
			sourceTree = "<group>";
		};
		67F8C5CA2033DA8600135D66 /* Supporting Files */ = {
			isa = PBXGroup;
			children = (
				67F8C5CC2033DAA200135D66 /* SWRevealViewController.h */,
				67F8C5CD2033DAA200135D66 /* SWRevealViewController.m */,
				67F8C5CB2033DAA100135D66 /* smack-Bridging-Header.h */,
			);
			path = "Supporting Files";
			sourceTree = "<group>";
		};
		67F8C5CF2033DAA700135D66 /* Controller */ = {
			isa = PBXGroup;
			children = (
				67F8C5D22033DACB00135D66 /* ChatVC.swift */,
				67F8C5D42033DAE000135D66 /* ChannelVC.swift */,
				67DAFB8320348A01005E8903 /* LoginVC.swift */,
				67C1F7622034DA00003FAC35 /* CreateAccountVC.swift */,
				670EE8A82036686C00998FD8 /* AvatarPickerVC.swift */,
			);
			path = Controller;
			sourceTree = "<group>";
		};
		67F8C5D02033DAB100135D66 /* View */ = {
			isa = PBXGroup;
			children = (
				67DAFB7E20347712005E8903 /* GradientView.swift */,
				67C0FEC02035ADF0001D069A /* RoundedButton.swift */,
				670EE8AA20366F9400998FD8 /* AvatarCell.swift */,
			);
			path = View;
			sourceTree = "<group>";
		};
		67F8C5D12033DAB800135D66 /* Model */ = {
			isa = PBXGroup;
			children = (
			);
			path = Model;
			sourceTree = "<group>";
		};
		688B1B8DE3601F781CA9B7F1 /* Frameworks */ = {
			isa = PBXGroup;
			children = (
				5F5BD0005AE9D57B3BDE0A69 /* Pods_smack.framework */,
			);
			name = Frameworks;
			sourceTree = "<group>";
		};
/* End PBXGroup section */

/* Begin PBXNativeTarget section */
		67EE388F20333CDB0016DCA7 /* smack */ = {
			isa = PBXNativeTarget;
			buildConfigurationList = 67EE38A220333CDB0016DCA7 /* Build configuration list for PBXNativeTarget "smack" */;
			buildPhases = (
				9B8253CD27D38A9BB8D0B97B /* [CP] Check Pods Manifest.lock */,
				67EE388C20333CDB0016DCA7 /* Sources */,
				67EE388D20333CDB0016DCA7 /* Frameworks */,
				67EE388E20333CDB0016DCA7 /* Resources */,
				402189EF32F3E110863D8C80 /* [CP] Embed Pods Frameworks */,
				35E774E057A8C624D697024E /* [CP] Copy Pods Resources */,
			);
			buildRules = (
			);
			dependencies = (
			);
			name = smack;
			productName = smack;
			productReference = 67EE389020333CDB0016DCA7 /* smack.app */;
			productType = "com.apple.product-type.application";
		};
/* End PBXNativeTarget section */

/* Begin PBXProject section */
		67EE388820333CDB0016DCA7 /* Project object */ = {
			isa = PBXProject;
			attributes = {
				LastSwiftUpdateCheck = 0920;
				LastUpgradeCheck = 0920;
				ORGANIZATIONNAME = "Memet RIZA";
				TargetAttributes = {
					67EE388F20333CDB0016DCA7 = {
						CreatedOnToolsVersion = 9.2;
						LastSwiftMigration = 0920;
						ProvisioningStyle = Automatic;
					};
				};
			};
			buildConfigurationList = 67EE388B20333CDB0016DCA7 /* Build configuration list for PBXProject "smack" */;
			compatibilityVersion = "Xcode 8.0";
			developmentRegion = en;
			hasScannedForEncodings = 0;
			knownRegions = (
				en,
				Base,
			);
			mainGroup = 67EE388720333CDB0016DCA7;
			productRefGroup = 67EE389120333CDB0016DCA7 /* Products */;
			projectDirPath = "";
			projectRoot = "";
			targets = (
				67EE388F20333CDB0016DCA7 /* smack */,
			);
		};
/* End PBXProject section */

/* Begin PBXResourcesBuildPhase section */
		67EE388E20333CDB0016DCA7 /* Resources */ = {
			isa = PBXResourcesBuildPhase;
			buildActionMask = 2147483647;
			files = (
				67EE389E20333CDB0016DCA7 /* LaunchScreen.storyboard in Resources */,
				67EE389B20333CDB0016DCA7 /* Assets.xcassets in Resources */,
				67EE389920333CDB0016DCA7 /* Main.storyboard in Resources */,
			);
			runOnlyForDeploymentPostprocessing = 0;
		};
/* End PBXResourcesBuildPhase section */

/* Begin PBXShellScriptBuildPhase section */
		35E774E057A8C624D697024E /* [CP] Copy Pods Resources */ = {
			isa = PBXShellScriptBuildPhase;
			buildActionMask = 2147483647;
			files = (
			);
			inputPaths = (
			);
			name = "[CP] Copy Pods Resources";
			outputPaths = (
			);
			runOnlyForDeploymentPostprocessing = 0;
			shellPath = /bin/sh;
			shellScript = "\"${SRCROOT}/Pods/Target Support Files/Pods-smack/Pods-smack-resources.sh\"\n";
			showEnvVarsInLog = 0;
		};
		402189EF32F3E110863D8C80 /* [CP] Embed Pods Frameworks */ = {
			isa = PBXShellScriptBuildPhase;
			buildActionMask = 2147483647;
			files = (
			);
			inputPaths = (
				"${SRCROOT}/Pods/Target Support Files/Pods-smack/Pods-smack-frameworks.sh",
				"${BUILT_PRODUCTS_DIR}/Alamofire/Alamofire.framework",
				"${BUILT_PRODUCTS_DIR}/Socket.IO-Client-Swift/SocketIO.framework",
				"${BUILT_PRODUCTS_DIR}/Starscream/Starscream.framework",
				"${BUILT_PRODUCTS_DIR}/SwiftyJSON/SwiftyJSON.framework",
			);
			name = "[CP] Embed Pods Frameworks";
			outputPaths = (
				"${TARGET_BUILD_DIR}/${FRAMEWORKS_FOLDER_PATH}/Alamofire.framework",
				"${TARGET_BUILD_DIR}/${FRAMEWORKS_FOLDER_PATH}/SocketIO.framework",
				"${TARGET_BUILD_DIR}/${FRAMEWORKS_FOLDER_PATH}/Starscream.framework",
				"${TARGET_BUILD_DIR}/${FRAMEWORKS_FOLDER_PATH}/SwiftyJSON.framework",
			);
			runOnlyForDeploymentPostprocessing = 0;
			shellPath = /bin/sh;
			shellScript = "\"${SRCROOT}/Pods/Target Support Files/Pods-smack/Pods-smack-frameworks.sh\"\n";
			showEnvVarsInLog = 0;
		};
		9B8253CD27D38A9BB8D0B97B /* [CP] Check Pods Manifest.lock */ = {
			isa = PBXShellScriptBuildPhase;
			buildActionMask = 2147483647;
			files = (
			);
			inputPaths = (
				"${PODS_PODFILE_DIR_PATH}/Podfile.lock",
				"${PODS_ROOT}/Manifest.lock",
			);
			name = "[CP] Check Pods Manifest.lock";
			outputPaths = (
				"$(DERIVED_FILE_DIR)/Pods-smack-checkManifestLockResult.txt",
			);
			runOnlyForDeploymentPostprocessing = 0;
			shellPath = /bin/sh;
			shellScript = "diff \"${PODS_PODFILE_DIR_PATH}/Podfile.lock\" \"${PODS_ROOT}/Manifest.lock\" > /dev/null\nif [ $? != 0 ] ; then\n    # print error to STDERR\n    echo \"error: The sandbox is not in sync with the Podfile.lock. Run 'pod install' or update your CocoaPods installation.\" >&2\n    exit 1\nfi\n# This output is used by Xcode 'outputs' to avoid re-running this script phase.\necho \"SUCCESS\" > \"${SCRIPT_OUTPUT_FILE_0}\"\n";
			showEnvVarsInLog = 0;
		};
/* End PBXShellScriptBuildPhase section */

/* Begin PBXSourcesBuildPhase section */
		67EE388C20333CDB0016DCA7 /* Sources */ = {
			isa = PBXSourcesBuildPhase;
			buildActionMask = 2147483647;
			files = (
				67F8C5D32033DACB00135D66 /* ChatVC.swift in Sources */,
				670EE8A92036686C00998FD8 /* AvatarPickerVC.swift in Sources */,
				67C0FEC12035ADF0001D069A /* RoundedButton.swift in Sources */,
				67EE389420333CDB0016DCA7 /* AppDelegate.swift in Sources */,
				670EE8A7203656F100998FD8 /* UserDataService.swift in Sources */,
				67C1F7632034DA00003FAC35 /* CreateAccountVC.swift in Sources */,
				678ADFC3203517DD0051F9CA /* AuthService.swift in Sources */,
				67DAFB8420348A01005E8903 /* LoginVC.swift in Sources */,
				67DAFB7F20347712005E8903 /* GradientView.swift in Sources */,
				670EE8AB20366F9400998FD8 /* AvatarCell.swift in Sources */,
				67F8C5CE2033DAA200135D66 /* SWRevealViewController.m in Sources */,
				67F8C5D52033DAE000135D66 /* ChannelVC.swift in Sources */,
				67DAFB8220348401005E8903 /* Constants.swift in Sources */,
			);
			runOnlyForDeploymentPostprocessing = 0;
		};
/* End PBXSourcesBuildPhase section */

/* Begin PBXVariantGroup section */
		67EE389720333CDB0016DCA7 /* Main.storyboard */ = {
			isa = PBXVariantGroup;
			children = (
				67EE389820333CDB0016DCA7 /* Base */,
			);
			name = Main.storyboard;
			sourceTree = "<group>";
		};
		67EE389C20333CDB0016DCA7 /* LaunchScreen.storyboard */ = {
			isa = PBXVariantGroup;
			children = (
				67EE389D20333CDB0016DCA7 /* Base */,
			);
			name = LaunchScreen.storyboard;
			sourceTree = "<group>";
		};
/* End PBXVariantGroup section */

/* Begin XCBuildConfiguration section */
		67EE38A020333CDB0016DCA7 /* Debug */ = {
			isa = XCBuildConfiguration;
			buildSettings = {
				ALWAYS_SEARCH_USER_PATHS = NO;
				CLANG_ANALYZER_NONNULL = YES;
				CLANG_ANALYZER_NUMBER_OBJECT_CONVERSION = YES_AGGRESSIVE;
				CLANG_CXX_LANGUAGE_STANDARD = "gnu++14";
				CLANG_CXX_LIBRARY = "libc++";
				CLANG_ENABLE_MODULES = YES;
				CLANG_ENABLE_OBJC_ARC = YES;
				CLANG_WARN_BLOCK_CAPTURE_AUTORELEASING = YES;
				CLANG_WARN_BOOL_CONVERSION = YES;
				CLANG_WARN_COMMA = YES;
				CLANG_WARN_CONSTANT_CONVERSION = YES;
				CLANG_WARN_DIRECT_OBJC_ISA_USAGE = YES_ERROR;
				CLANG_WARN_DOCUMENTATION_COMMENTS = YES;
				CLANG_WARN_EMPTY_BODY = YES;
				CLANG_WARN_ENUM_CONVERSION = YES;
				CLANG_WARN_INFINITE_RECURSION = YES;
				CLANG_WARN_INT_CONVERSION = YES;
				CLANG_WARN_NON_LITERAL_NULL_CONVERSION = YES;
				CLANG_WARN_OBJC_LITERAL_CONVERSION = YES;
				CLANG_WARN_OBJC_ROOT_CLASS = YES_ERROR;
				CLANG_WARN_RANGE_LOOP_ANALYSIS = YES;
				CLANG_WARN_STRICT_PROTOTYPES = YES;
				CLANG_WARN_SUSPICIOUS_MOVE = YES;
				CLANG_WARN_UNGUARDED_AVAILABILITY = YES_AGGRESSIVE;
				CLANG_WARN_UNREACHABLE_CODE = YES;
				CLANG_WARN__DUPLICATE_METHOD_MATCH = YES;
				CODE_SIGN_IDENTITY = "iPhone Developer";
				COPY_PHASE_STRIP = NO;
				DEBUG_INFORMATION_FORMAT = dwarf;
				ENABLE_STRICT_OBJC_MSGSEND = YES;
				ENABLE_TESTABILITY = YES;
				GCC_C_LANGUAGE_STANDARD = gnu11;
				GCC_DYNAMIC_NO_PIC = NO;
				GCC_NO_COMMON_BLOCKS = YES;
				GCC_OPTIMIZATION_LEVEL = 0;
				GCC_PREPROCESSOR_DEFINITIONS = (
					"DEBUG=1",
					"$(inherited)",
				);
				GCC_WARN_64_TO_32_BIT_CONVERSION = YES;
				GCC_WARN_ABOUT_RETURN_TYPE = YES_ERROR;
				GCC_WARN_UNDECLARED_SELECTOR = YES;
				GCC_WARN_UNINITIALIZED_AUTOS = YES_AGGRESSIVE;
				GCC_WARN_UNUSED_FUNCTION = YES;
				GCC_WARN_UNUSED_VARIABLE = YES;
				IPHONEOS_DEPLOYMENT_TARGET = 11.2;
				MTL_ENABLE_DEBUG_INFO = YES;
				ONLY_ACTIVE_ARCH = YES;
				SDKROOT = iphoneos;
				SWIFT_ACTIVE_COMPILATION_CONDITIONS = DEBUG;
				SWIFT_OPTIMIZATION_LEVEL = "-Onone";
			};
			name = Debug;
		};
		67EE38A120333CDB0016DCA7 /* Release */ = {
			isa = XCBuildConfiguration;
			buildSettings = {
				ALWAYS_SEARCH_USER_PATHS = NO;
				CLANG_ANALYZER_NONNULL = YES;
				CLANG_ANALYZER_NUMBER_OBJECT_CONVERSION = YES_AGGRESSIVE;
				CLANG_CXX_LANGUAGE_STANDARD = "gnu++14";
				CLANG_CXX_LIBRARY = "libc++";
				CLANG_ENABLE_MODULES = YES;
				CLANG_ENABLE_OBJC_ARC = YES;
				CLANG_WARN_BLOCK_CAPTURE_AUTORELEASING = YES;
				CLANG_WARN_BOOL_CONVERSION = YES;
				CLANG_WARN_COMMA = YES;
				CLANG_WARN_CONSTANT_CONVERSION = YES;
				CLANG_WARN_DIRECT_OBJC_ISA_USAGE = YES_ERROR;
				CLANG_WARN_DOCUMENTATION_COMMENTS = YES;
				CLANG_WARN_EMPTY_BODY = YES;
				CLANG_WARN_ENUM_CONVERSION = YES;
				CLANG_WARN_INFINITE_RECURSION = YES;
				CLANG_WARN_INT_CONVERSION = YES;
				CLANG_WARN_NON_LITERAL_NULL_CONVERSION = YES;
				CLANG_WARN_OBJC_LITERAL_CONVERSION = YES;
				CLANG_WARN_OBJC_ROOT_CLASS = YES_ERROR;
				CLANG_WARN_RANGE_LOOP_ANALYSIS = YES;
				CLANG_WARN_STRICT_PROTOTYPES = YES;
				CLANG_WARN_SUSPICIOUS_MOVE = YES;
				CLANG_WARN_UNGUARDED_AVAILABILITY = YES_AGGRESSIVE;
				CLANG_WARN_UNREACHABLE_CODE = YES;
				CLANG_WARN__DUPLICATE_METHOD_MATCH = YES;
				CODE_SIGN_IDENTITY = "iPhone Developer";
				COPY_PHASE_STRIP = NO;
				DEBUG_INFORMATION_FORMAT = "dwarf-with-dsym";
				ENABLE_NS_ASSERTIONS = NO;
				ENABLE_STRICT_OBJC_MSGSEND = YES;
				GCC_C_LANGUAGE_STANDARD = gnu11;
				GCC_NO_COMMON_BLOCKS = YES;
				GCC_WARN_64_TO_32_BIT_CONVERSION = YES;
				GCC_WARN_ABOUT_RETURN_TYPE = YES_ERROR;
				GCC_WARN_UNDECLARED_SELECTOR = YES;
				GCC_WARN_UNINITIALIZED_AUTOS = YES_AGGRESSIVE;
				GCC_WARN_UNUSED_FUNCTION = YES;
				GCC_WARN_UNUSED_VARIABLE = YES;
				IPHONEOS_DEPLOYMENT_TARGET = 11.2;
				MTL_ENABLE_DEBUG_INFO = NO;
				SDKROOT = iphoneos;
				SWIFT_OPTIMIZATION_LEVEL = "-Owholemodule";
				VALIDATE_PRODUCT = YES;
			};
			name = Release;
		};
		67EE38A320333CDB0016DCA7 /* Debug */ = {
			isa = XCBuildConfiguration;
			baseConfigurationReference = 0C5451E5B0A7C7E7E80BE921 /* Pods-smack.debug.xcconfig */;
			buildSettings = {
				ASSETCATALOG_COMPILER_APPICON_NAME = AppIcon;
				CLANG_ENABLE_MODULES = YES;
				CODE_SIGN_STYLE = Automatic;
				DEVELOPMENT_TEAM = B642A6E36P;
				INFOPLIST_FILE = smack/Info.plist;
				LD_RUNPATH_SEARCH_PATHS = "$(inherited) @executable_path/Frameworks";
				PRODUCT_BUNDLE_IDENTIFIER = memetriza.smack;
				PRODUCT_NAME = "$(TARGET_NAME)";
				SWIFT_OBJC_BRIDGING_HEADER = "smack/Supporting Files/smack-Bridging-Header.h";
				SWIFT_OPTIMIZATION_LEVEL = "-Onone";
				SWIFT_VERSION = 4.0;
				TARGETED_DEVICE_FAMILY = "1,2";
			};
			name = Debug;
		};
		67EE38A420333CDB0016DCA7 /* Release */ = {
			isa = XCBuildConfiguration;
			baseConfigurationReference = 73FB691C5D006EBD83AEBAAA /* Pods-smack.release.xcconfig */;
			buildSettings = {
				ASSETCATALOG_COMPILER_APPICON_NAME = AppIcon;
				CLANG_ENABLE_MODULES = YES;
				CODE_SIGN_STYLE = Automatic;
				DEVELOPMENT_TEAM = B642A6E36P;
				INFOPLIST_FILE = smack/Info.plist;
				LD_RUNPATH_SEARCH_PATHS = "$(inherited) @executable_path/Frameworks";
				PRODUCT_BUNDLE_IDENTIFIER = memetriza.smack;
				PRODUCT_NAME = "$(TARGET_NAME)";
				SWIFT_OBJC_BRIDGING_HEADER = "smack/Supporting Files/smack-Bridging-Header.h";
				SWIFT_VERSION = 4.0;
				TARGETED_DEVICE_FAMILY = "1,2";
			};
			name = Release;
		};
/* End XCBuildConfiguration section */

/* Begin XCConfigurationList section */
		67EE388B20333CDB0016DCA7 /* Build configuration list for PBXProject "smack" */ = {
			isa = XCConfigurationList;
			buildConfigurations = (
				67EE38A020333CDB0016DCA7 /* Debug */,
				67EE38A120333CDB0016DCA7 /* Release */,
			);
			defaultConfigurationIsVisible = 0;
			defaultConfigurationName = Release;
		};
		67EE38A220333CDB0016DCA7 /* Build configuration list for PBXNativeTarget "smack" */ = {
			isa = XCConfigurationList;
			buildConfigurations = (
				67EE38A320333CDB0016DCA7 /* Debug */,
				67EE38A420333CDB0016DCA7 /* Release */,
			);
			defaultConfigurationIsVisible = 0;
			defaultConfigurationName = Release;
		};
/* End XCConfigurationList section */
	};
	rootObject = 67EE388820333CDB0016DCA7 /* Project object */;
}
